github.com/agl/ed25519 v0.0.0-20170116200512-5312a6153412 h1:w1UutsfOrms1J05zt7ISrnJIXKzwaspym5BTKGx93EI=
github.com/agl/ed25519 v0.0.0-20170116200512-5312a6153412/go.mod h1:WPjqKcmVOxf0XSf3YxCJs6N6AOSrOx3obionmG7T0y0=
github.com/coreos/etcd v0.0.0-20170414193847-e2d0db95ebbc h1:VR+2Zdu4LwGrVDMUdVphibZfMHoFEnb5t8xQDWi1IAk=
github.com/coreos/etcd v0.0.0-20170414193847-e2d0db95ebbc/go.mod h1:uF7uidLiAD3TWHmW31ZFd/JWoc32PjwdhPthX9715RE=
github.com/coreos/go-systemd v0.0.0-20170324095819-1f9909e51b2d h1:JmJsvY9kF4oqiNrI+3FEoTtpRu8HvlxPgCSIrxxoZTQ=
github.com/coreos/go-systemd v0.0.0-20170324095819-1f9909e51b2d/go.mod h1:F5haX7vjVVG0kc13fIWeqUViNPyEJxv/OmvnBo0Yme4=
github.com/coreos/pkg v0.0.0-20170405072653-099530d80109 h1:8RxHvQFXd1AgM3q7iG92w06tQKiuqpHCNf5lVKs9bbs=
github.com/coreos/pkg v0.0.0-20170405072653-099530d80109/go.mod h1:E3G3o1h8I7cfcXa63jLwjI0eiQQMgzzUDFVpN/nH/eA=
github.com/davecgh/go-spew v1.1.0/go.mod h1:J7Y8YcW2NihsgmVo/mv3lAwl/skON4iLHjSsI+c5H38=
github.com/dchest/siphash v1.1.0 h1:1Rs9eTUlZLPBEvV+2sTaM8O0NWn0ppbgqS7p11aWawI=
github.com/dchest/siphash v1.1.0/go.mod h1:q+IRvb2gOSrUnYoPqHiyHXS0FOBBOdl6tONBlVnOnt4=
github.com/dchest/siphash v1.2.1 h1:4cLinnzVJDKxTCl9B01807Yiy+W7ZzVHj/KIroQRvT4=
github.com/dchest/siphash v1.2.1/go.mod h1:q+IRvb2gOSrUnYoPqHiyHXS0FOBBOdl6tONBlVnOnt4=
github.com/foobaz/go-zopfli v0.0.0-20140122214029-7432051485e2 h1:VA6jElpcJ+wkwEBufbnVkSBCA2TEnxdRppjRT5Kvh0A=
github.com/foobaz/go-zopfli v0.0.0-20140122214029-7432051485e2/go.mod h1:Yi95+RbwKz7uGndSuUhoq7LJKh8qH8DT9fnL4ewU30k=
github.com/go-gl/cl v0.0.0-20160402050751-283e73a0ca2a h1:XIGMyilyw1fCjQW2XBAQYNSqBjz6ZEDSQcU24zjC/TI=
github.com/go-gl/cl v0.0.0-20160402050751-283e73a0ca2a/go.mod h1:x9JFrvJwNd4nJdwEzeF+68Bul1G/WftfhxdnJF85OUc=
github.com/google/zopfli v0.0.0-20190118173051-ef109ddf1649 h1:zDqfvNfJRhocVF/Ul+M/hhhewIw9R8xJwDOGrHDKzzI=
github.com/google/zopfli v0.0.0-20190118173051-ef109ddf1649/go.mod h1:s2ULOAKrLKt7BL/w7MwT3F8bAXHc792qVNGEd5Wp7OQ=
github.com/gorilla/rpc v1.1.0 h1:marKfvVP0Gpd/jHlVBKCQ8RAoUPdX7K1Nuh6l1BNh7A=
github.com/gorilla/rpc v1.1.0/go.mod h1:V4h9r+4sF5HnzqbwIez0fKSpANP0zlYd3qR7p36jkTQ=
github.com/pmezard/go-difflib v1.0.0/go.mod h1:iKH77koFhYxTK1pcRnkKkqfTogsbg7gZNVY4sRDYZ/4=
github.com/spf13/pflag v0.0.0-20170412152249-e453343e6260 h1:Rel8ggqtJ8xEfIJKPRDcF/f8a5Ukr6Wsyen4uGcYh+k=
github.com/spf13/pflag v0.0.0-20170412152249-e453343e6260/go.mod h1:DYY7MBk1bdzusC3SYhjObp+wFpr4gzcvqqNjLnInEg4=
github.com/stretchr/objx v0.1.0/go.mod h1:HFkY916IF+rwdDfMAkV7OtwuqBVzrE8GR6GFx+wExME=
github.com/stretchr/testify v1.3.0/go.mod h1:M5WIy9Dh21IEIfnGCwXGc5bZfKNJtfHm1UVUgZn+9EI=
github.com/willscott/bloom v0.0.0-20190611115233-60e4b211444f h1:HDruOClXOci/Duq+8QQZZTt2S2BvgT70pyX3nsVZbPQ=
github.com/willscott/bloom v0.0.0-20190611115233-60e4b211444f/go.mod h1:ioaxSY0uYBnMt/u6zoCy87QnCVbch+cfpqo9rtSfK2s=
golang.org/x/crypto v0.0.0-20190308221718-c2843e01d9a2 h1:VklqNMn3ovrHsnt90PveolxSbWFaJdECFbxSq0Mqo2M=
golang.org/x/crypto v0.0.0-20190308221718-c2843e01d9a2/go.mod h1:djNgcEr1/C05ACkg1iLfiJU5Ep61QUkGW8qpdssI0+w=
golang.org/x/net v0.0.0-20190607181551-461777fb6f67 h1:rJJxsykSlULwd2P2+pg/rtnwN2FrWp4IuCxOSyS0V00=
golang.org/x/net v0.0.0-20190607181551-461777fb6f67/go.mod h1:z5CRVTTTmAJ677TzLLGU+0bjPO0LkuOLi4/5GtJWs/s=
golang.org/x/sys v0.0.0-20190215142949-d0b11bdaac8a h1:1BGLXjeY4akVXGgbC9HugT3Jv3hCI0z56oJR5vAMgBU=
golang.org/x/sys v0.0.0-20190215142949-d0b11bdaac8a/go.mod h1:STP8DvDyc/dI5b8T5hshtkjS+E42TnysNCUPdjciGhY=
golang.org/x/text v0.3.0/go.mod h1:NqM8EUOU14njkJ3fqMW+pc6Ldnwhi/IjpwHt7yyuwOQ=
